<?xml version="1.0" encoding="utf-8"?>
<Project ToolsVersion="4.0" xmlns="http://schemas.microsoft.com/developer/msbuild/2003">
  <ItemGroup>
    <Filter Include="Archivos de origen">
      <UniqueIdentifier>{4FC737F1-C7A5-4376-A066-2A32D752A2FF}</UniqueIdentifier>
      <Extensions>cpp;c;cc;cxx;c++;cppm;ixx;def;odl;idl;hpj;bat;asm;asmx</Extensions>
    </Filter>
    <Filter Include="Archivos de encabezado">
      <UniqueIdentifier>{93995380-89BD-4b04-88EB-625FBE52EBFB}</UniqueIdentifier>
      <Extensions>h;hh;hpp;hxx;h++;hm;inl;inc;ipp;xsd</Extensions>
    </Filter>
    <Filter Include="Archivos de recursos">
      <UniqueIdentifier>{67DA6AB6-F800-4c08-8B7A-83BB121AAD01}</UniqueIdentifier>
      <Extensions>rc;ico;cur;bmp;dlg;rc2;rct;bin;rgs;gif;jpg;jpeg;jpe;resx;tiff;tif;png;wav;mfcribbon-ms</Extensions>
    </Filter>
    <Filter Include="Archivos de origen\Agents">
      <UniqueIdentifier>{e968a665-4bb4-467c-a948-41ba7ffa3deb}</UniqueIdentifier>
    </Filter>
    <Filter Include="Archivos de encabezado\Agents">
      <UniqueIdentifier>{743c9274-618e-4c98-a959-ea8e757eb125}</UniqueIdentifier>
    </Filter>
    <Filter Include="Archivos de encabezado\Services">
      <UniqueIdentifier>{cdbc26e2-24c9-4b96-b791-1a4bd6d2e99c}</UniqueIdentifier>
    </Filter>
    <Filter Include="Archivos de origen\Services">
      <UniqueIdentifier>{38ac53f5-856e-49c7-b8b5-a5e36d383c9f}</UniqueIdentifier>
    </Filter>
  </ItemGroup>
  <ItemGroup>
    <ClCompile Include="main.cpp">
      <Filter>Archivos de origen</Filter>
    </ClCompile>
    <ClCompile Include="Blackboard.cpp">
      <Filter>Archivos de origen</Filter>
    </ClCompile>
    <ClCompile Include="AgentExplorer.cpp">
      <Filter>Archivos de origen\Agents</Filter>
    </ClCompile>
    <ClCompile Include="AgentHungry.cpp">
      <Filter>Archivos de origen\Agents</Filter>
    </ClCompile>
    <ClCompile Include="AgentBreeder.cpp">
      <Filter>Archivos de origen\Agents</Filter>
    </ClCompile>
    <ClCompile Include="AgentChaman.cpp">
      <Filter>Archivos de origen\Agents</Filter>
    </ClCompile>
    <ClCompile Include="AgentStoner.cpp">
      <Filter>Archivos de origen\Agents</Filter>
    </ClCompile>
    <ClCompile Include="ExplorationService.cpp">
      <Filter>Archivos de origen\Services</Filter>
    </ClCompile>
    <ClCompile Include="InfluenceService.cpp">
      <Filter>Archivos de origen\Services</Filter>
    </ClCompile>
    <ClCompile Include="Bid.cpp">
      <Filter>Archivos de origen</Filter>
    </ClCompile>
    <ClCompile Include="ClientGame.cpp">
      <Filter>Archivos de origen</Filter>
    </ClCompile>
    <ClCompile Include="responses.cpp">
      <Filter>Archivos de origen</Filter>
    </ClCompile>
  </ItemGroup>
  <ItemGroup>
    <ClInclude Include="Blackboard.h">
      <Filter>Archivos de encabezado</Filter>
    </ClInclude>
    <ClInclude Include="IAgent.h">
      <Filter>Archivos de encabezado\Agents</Filter>
    </ClInclude>
    <ClInclude Include="AgentHungry.h">
      <Filter>Archivos de encabezado\Agents</Filter>
    </ClInclude>
    <ClInclude Include="AgentExplorer.h">
      <Filter>Archivos de encabezado\Agents</Filter>
    </ClInclude>
    <ClInclude Include="AgentBreeder.h">
      <Filter>Archivos de encabezado\Agents</Filter>
    </ClInclude>
    <ClInclude Include="AgentChaman.h">
      <Filter>Archivos de encabezado\Agents</Filter>
    </ClInclude>
    <ClInclude Include="AgentStoner.h">
      <Filter>Archivos de encabezado\Agents</Filter>
    </ClInclude>
    <ClInclude Include="ExplorationService.h">
      <Filter>Archivos de encabezado\Services</Filter>
    </ClInclude>
    <ClInclude Include="InfluenceService.h">
      <Filter>Archivos de encabezado\Services</Filter>
    </ClInclude>
    <ClInclude Include="main.h">
      <Filter>Archivos de encabezado</Filter>
    </ClInclude>
    <ClInclude Include="Bid.h">
      <Filter>Archivos de encabezado</Filter>
    </ClInclude>
    <ClInclude Include="MessageEntry.h">
      <Filter>Archivos de encabezado</Filter>
    </ClInclude>
    <ClInclude Include="ClientGame.h">
      <Filter>Archivos de encabezado</Filter>
    </ClInclude>
    <ClInclude Include="Result.h">
      <Filter>Archivos de encabezado</Filter>
    </ClInclude>
    <ClInclude Include="responses.h">
      <Filter>Archivos de encabezado</Filter>
    </ClInclude>
  </ItemGroup>
  <ItemGroup>
    <Natvis Include="Client.natvis" />
  </ItemGroup>
</Project>